// !$*UTF8*$!
{
	archiveVersion = 1;
	classes = {
	};
	objectVersion = 50;
	objects = {

/* Begin PBXBuildFile section */
		3E77769B24576EF200345F80 /* AppDelegate.swift in Sources */ = {isa = PBXBuildFile; fileRef = 3E77769A24576EF200345F80 /* AppDelegate.swift */; };
		3E77769D24576EF200345F80 /* SceneDelegate.swift in Sources */ = {isa = PBXBuildFile; fileRef = 3E77769C24576EF200345F80 /* SceneDelegate.swift */; };
		3E77769F24576EF200345F80 /* ViewController.swift in Sources */ = {isa = PBXBuildFile; fileRef = 3E77769E24576EF200345F80 /* ViewController.swift */; };
		3E7776A224576EF200345F80 /* Main.storyboard in Resources */ = {isa = PBXBuildFile; fileRef = 3E7776A024576EF200345F80 /* Main.storyboard */; };
		3E7776A424576EF600345F80 /* Assets.xcassets in Resources */ = {isa = PBXBuildFile; fileRef = 3E7776A324576EF600345F80 /* Assets.xcassets */; };
		3E7776A724576EF600345F80 /* LaunchScreen.storyboard in Resources */ = {isa = PBXBuildFile; fileRef = 3E7776A524576EF600345F80 /* LaunchScreen.storyboard */; };
		3E7776CB24576FD400345F80 /* BrainTests.swift in Sources */ = {isa = PBXBuildFile; fileRef = 3E7776CA24576FD400345F80 /* BrainTests.swift */; };
		3E7776CD245771B600345F80 /* Brain.swift in Sources */ = {isa = PBXBuildFile; fileRef = 3E7776CC245771B600345F80 /* Brain.swift */; };
		3E7776CF2457828D00345F80 /* GameTests.swift in Sources */ = {isa = PBXBuildFile; fileRef = 3E7776CE2457828D00345F80 /* GameTests.swift */; };
		3E7776D1245782ED00345F80 /* Game.swift in Sources */ = {isa = PBXBuildFile; fileRef = 3E7776D0245782ED00345F80 /* Game.swift */; };
		3E7776D32458BA9C00345F80 /* ViewControllerTests.swift in Sources */ = {isa = PBXBuildFile; fileRef = 3E7776D22458BA9C00345F80 /* ViewControllerTests.swift */; };
		3E7776D52458F52600345F80 /* ViewControllerUITests.swift in Sources */ = {isa = PBXBuildFile; fileRef = 3E7776D42458F52600345F80 /* ViewControllerUITests.swift */; };
		3E7776D724590FAF00345F80 /* Move.swift in Sources */ = {isa = PBXBuildFile; fileRef = 3E7776D624590FAF00345F80 /* Move.swift */; };
/* End PBXBuildFile section */

/* Begin PBXContainerItemProxy section */
		3E7776AE24576EF700345F80 /* PBXContainerItemProxy */ = {
			isa = PBXContainerItemProxy;
			containerPortal = 3E77768F24576EF200345F80 /* Project object */;
			proxyType = 1;
			remoteGlobalIDString = 3E77769624576EF200345F80;
			remoteInfo = FizzBuzz;
		};
		3E7776B924576EF700345F80 /* PBXContainerItemProxy */ = {
			isa = PBXContainerItemProxy;
			containerPortal = 3E77768F24576EF200345F80 /* Project object */;
			proxyType = 1;
			remoteGlobalIDString = 3E77769624576EF200345F80;
			remoteInfo = FizzBuzz;
		};
/* End PBXContainerItemProxy section */

/* Begin PBXFileReference section */
		3E77769724576EF200345F80 /* FizzBuzz.app */ = {isa = PBXFileReference; explicitFileType = wrapper.application; includeInIndex = 0; path = FizzBuzz.app; sourceTree = BUILT_PRODUCTS_DIR; };
		3E77769A24576EF200345F80 /* AppDelegate.swift */ = {isa = PBXFileReference; lastKnownFileType = sourcecode.swift; path = AppDelegate.swift; sourceTree = "<group>"; };
		3E77769C24576EF200345F80 /* SceneDelegate.swift */ = {isa = PBXFileReference; lastKnownFileType = sourcecode.swift; path = SceneDelegate.swift; sourceTree = "<group>"; };
		3E77769E24576EF200345F80 /* ViewController.swift */ = {isa = PBXFileReference; lastKnownFileType = sourcecode.swift; path = ViewController.swift; sourceTree = "<group>"; };
		3E7776A124576EF200345F80 /* Base */ = {isa = PBXFileReference; lastKnownFileType = file.storyboard; name = Base; path = Base.lproj/Main.storyboard; sourceTree = "<group>"; };
		3E7776A324576EF600345F80 /* Assets.xcassets */ = {isa = PBXFileReference; lastKnownFileType = folder.assetcatalog; path = Assets.xcassets; sourceTree = "<group>"; };
		3E7776A624576EF600345F80 /* Base */ = {isa = PBXFileReference; lastKnownFileType = file.storyboard; name = Base; path = Base.lproj/LaunchScreen.storyboard; sourceTree = "<group>"; };
		3E7776A824576EF600345F80 /* Info.plist */ = {isa = PBXFileReference; lastKnownFileType = text.plist.xml; path = Info.plist; sourceTree = "<group>"; };
		3E7776AD24576EF700345F80 /* FizzBuzzTests.xctest */ = {isa = PBXFileReference; explicitFileType = wrapper.cfbundle; includeInIndex = 0; path = FizzBuzzTests.xctest; sourceTree = BUILT_PRODUCTS_DIR; };
		3E7776B324576EF700345F80 /* Info.plist */ = {isa = PBXFileReference; lastKnownFileType = text.plist.xml; path = Info.plist; sourceTree = "<group>"; };
		3E7776B824576EF700345F80 /* FizzBuzzUITests.xctest */ = {isa = PBXFileReference; explicitFileType = wrapper.cfbundle; includeInIndex = 0; path = FizzBuzzUITests.xctest; sourceTree = BUILT_PRODUCTS_DIR; };
		3E7776BE24576EF700345F80 /* Info.plist */ = {isa = PBXFileReference; lastKnownFileType = text.plist.xml; path = Info.plist; sourceTree = "<group>"; };
		3E7776CA24576FD400345F80 /* BrainTests.swift */ = {isa = PBXFileReference; lastKnownFileType = sourcecode.swift; path = BrainTests.swift; sourceTree = "<group>"; };
		3E7776CC245771B600345F80 /* Brain.swift */ = {isa = PBXFileReference; lastKnownFileType = sourcecode.swift; path = Brain.swift; sourceTree = "<group>"; };
		3E7776CE2457828D00345F80 /* GameTests.swift */ = {isa = PBXFileReference; lastKnownFileType = sourcecode.swift; path = GameTests.swift; sourceTree = "<group>"; };
		3E7776D0245782ED00345F80 /* Game.swift */ = {isa = PBXFileReference; lastKnownFileType = sourcecode.swift; path = Game.swift; sourceTree = "<group>"; };
		3E7776D22458BA9C00345F80 /* ViewControllerTests.swift */ = {isa = PBXFileReference; lastKnownFileType = sourcecode.swift; path = ViewControllerTests.swift; sourceTree = "<group>"; };
		3E7776D42458F52600345F80 /* ViewControllerUITests.swift */ = {isa = PBXFileReference; lastKnownFileType = sourcecode.swift; path = ViewControllerUITests.swift; sourceTree = "<group>"; };
		3E7776D624590FAF00345F80 /* Move.swift */ = {isa = PBXFileReference; lastKnownFileType = sourcecode.swift; path = Move.swift; sourceTree = "<group>"; };
/* End PBXFileReference section */

/* Begin PBXFrameworksBuildPhase section */
		3E77769424576EF200345F80 /* Frameworks */ = {
			isa = PBXFrameworksBuildPhase;
			buildActionMask = 2147483647;
			files = (
			);
			runOnlyForDeploymentPostprocessing = 0;
		};
		3E7776AA24576EF700345F80 /* Frameworks */ = {
			isa = PBXFrameworksBuildPhase;
			buildActionMask = 2147483647;
			files = (
			);
			runOnlyForDeploymentPostprocessing = 0;
		};
		3E7776B524576EF700345F80 /* Frameworks */ = {
			isa = PBXFrameworksBuildPhase;
			buildActionMask = 2147483647;
			files = (
			);
			runOnlyForDeploymentPostprocessing = 0;
		};
/* End PBXFrameworksBuildPhase section */

/* Begin PBXGroup section */
		3E77768E24576EF200345F80 = {
			isa = PBXGroup;
			children = (
				3E77769924576EF200345F80 /* FizzBuzz */,
				3E7776B024576EF700345F80 /* FizzBuzzTests */,
				3E7776BB24576EF700345F80 /* FizzBuzzUITests */,
				3E77769824576EF200345F80 /* Products */,
			);
			sourceTree = "<group>";
		};
		3E77769824576EF200345F80 /* Products */ = {
			isa = PBXGroup;
			children = (
				3E77769724576EF200345F80 /* FizzBuzz.app */,
				3E7776AD24576EF700345F80 /* FizzBuzzTests.xctest */,
				3E7776B824576EF700345F80 /* FizzBuzzUITests.xctest */,
			);
			name = Products;
			sourceTree = "<group>";
		};
		3E77769924576EF200345F80 /* FizzBuzz */ = {
			isa = PBXGroup;
			children = (
				3E77769A24576EF200345F80 /* AppDelegate.swift */,
				3E77769C24576EF200345F80 /* SceneDelegate.swift */,
				3E77769E24576EF200345F80 /* ViewController.swift */,
				3E7776A024576EF200345F80 /* Main.storyboard */,
				3E7776A324576EF600345F80 /* Assets.xcassets */,
				3E7776A524576EF600345F80 /* LaunchScreen.storyboard */,
				3E7776A824576EF600345F80 /* Info.plist */,
				3E7776CC245771B600345F80 /* Brain.swift */,
				3E7776D0245782ED00345F80 /* Game.swift */,
				3E7776D624590FAF00345F80 /* Move.swift */,
			);
			path = FizzBuzz;
			sourceTree = "<group>";
		};
		3E7776B024576EF700345F80 /* FizzBuzzTests */ = {
			isa = PBXGroup;
			children = (
				3E7776B324576EF700345F80 /* Info.plist */,
				3E7776CA24576FD400345F80 /* BrainTests.swift */,
				3E7776CE2457828D00345F80 /* GameTests.swift */,
				3E7776D22458BA9C00345F80 /* ViewControllerTests.swift */,
			);
			path = FizzBuzzTests;
			sourceTree = "<group>";
		};
		3E7776BB24576EF700345F80 /* FizzBuzzUITests */ = {
			isa = PBXGroup;
			children = (
				3E7776BE24576EF700345F80 /* Info.plist */,
				3E7776D42458F52600345F80 /* ViewControllerUITests.swift */,
			);
			path = FizzBuzzUITests;
			sourceTree = "<group>";
		};
/* End PBXGroup section */

/* Begin PBXNativeTarget section */
		3E77769624576EF200345F80 /* FizzBuzz */ = {
			isa = PBXNativeTarget;
			buildConfigurationList = 3E7776C124576EF700345F80 /* Build configuration list for PBXNativeTarget "FizzBuzz" */;
			buildPhases = (
				3E77769324576EF200345F80 /* Sources */,
				3E77769424576EF200345F80 /* Frameworks */,
				3E77769524576EF200345F80 /* Resources */,
			);
			buildRules = (
			);
			dependencies = (
			);
			name = FizzBuzz;
			productName = FizzBuzz;
			productReference = 3E77769724576EF200345F80 /* FizzBuzz.app */;
			productType = "com.apple.product-type.application";
		};
		3E7776AC24576EF700345F80 /* FizzBuzzTests */ = {
			isa = PBXNativeTarget;
			buildConfigurationList = 3E7776C424576EF700345F80 /* Build configuration list for PBXNativeTarget "FizzBuzzTests" */;
			buildPhases = (
				3E7776A924576EF700345F80 /* Sources */,
				3E7776AA24576EF700345F80 /* Frameworks */,
				3E7776AB24576EF700345F80 /* Resources */,
			);
			buildRules = (
			);
			dependencies = (
				3E7776AF24576EF700345F80 /* PBXTargetDependency */,
			);
			name = FizzBuzzTests;
			productName = FizzBuzzTests;
			productReference = 3E7776AD24576EF700345F80 /* FizzBuzzTests.xctest */;
			productType = "com.apple.product-type.bundle.unit-test";
		};
		3E7776B724576EF700345F80 /* FizzBuzzUITests */ = {
			isa = PBXNativeTarget;
			buildConfigurationList = 3E7776C724576EF700345F80 /* Build configuration list for PBXNativeTarget "FizzBuzzUITests" */;
			buildPhases = (
				3E7776B424576EF700345F80 /* Sources */,
				3E7776B524576EF700345F80 /* Frameworks */,
				3E7776B624576EF700345F80 /* Resources */,
			);
			buildRules = (
			);
			dependencies = (
				3E7776BA24576EF700345F80 /* PBXTargetDependency */,
			);
			name = FizzBuzzUITests;
			productName = FizzBuzzUITests;
			productReference = 3E7776B824576EF700345F80 /* FizzBuzzUITests.xctest */;
			productType = "com.apple.product-type.bundle.ui-testing";
		};
/* End PBXNativeTarget section */

/* Begin PBXProject section */
		3E77768F24576EF200345F80 /* Project object */ = {
			isa = PBXProject;
			attributes = {
				LastSwiftUpdateCheck = 1140;
				LastUpgradeCheck = 1140;
				ORGANIZATIONNAME = "Juan Ceballos";
				TargetAttributes = {
					3E77769624576EF200345F80 = {
						CreatedOnToolsVersion = 11.4.1;
					};
					3E7776AC24576EF700345F80 = {
						CreatedOnToolsVersion = 11.4.1;
						LastSwiftMigration = 1140;
						TestTargetID = 3E77769624576EF200345F80;
					};
					3E7776B724576EF700345F80 = {
						CreatedOnToolsVersion = 11.4.1;
						LastSwiftMigration = 1140;
						TestTargetID = 3E77769624576EF200345F80;
					};
				};
			};
			buildConfigurationList = 3E77769224576EF200345F80 /* Build configuration list for PBXProject "FizzBuzz" */;
			compatibilityVersion = "Xcode 9.3";
			developmentRegion = en;
			hasScannedForEncodings = 0;
			knownRegions = (
				en,
				Base,
			);
			mainGroup = 3E77768E24576EF200345F80;
			productRefGroup = 3E77769824576EF200345F80 /* Products */;
			projectDirPath = "";
			projectRoot = "";
			targets = (
				3E77769624576EF200345F80 /* FizzBuzz */,
				3E7776AC24576EF700345F80 /* FizzBuzzTests */,
				3E7776B724576EF700345F80 /* FizzBuzzUITests */,
			);
		};
/* End PBXProject section */

/* Begin PBXResourcesBuildPhase section */
		3E77769524576EF200345F80 /* Resources */ = {
			isa = PBXResourcesBuildPhase;
			buildActionMask = 2147483647;
			files = (
				3E7776A724576EF600345F80 /* LaunchScreen.storyboard in Resources */,
				3E7776A424576EF600345F80 /* Assets.xcassets in Resources */,
				3E7776A224576EF200345F80 /* Main.storyboard in Resources */,
			);
			runOnlyForDeploymentPostprocessing = 0;
		};
		3E7776AB24576EF700345F80 /* Resources */ = {
			isa = PBXResourcesBuildPhase;
			buildActionMask = 2147483647;
			files = (
			);
			runOnlyForDeploymentPostprocessing = 0;
		};
		3E7776B624576EF700345F80 /* Resources */ = {
			isa = PBXResourcesBuildPhase;
			buildActionMask = 2147483647;
			files = (
			);
			runOnlyForDeploymentPostprocessing = 0;
		};
/* End PBXResourcesBuildPhase section */

/* Begin PBXSourcesBuildPhase section */
		3E77769324576EF200345F80 /* Sources */ = {
			isa = PBXSourcesBuildPhase;
			buildActionMask = 2147483647;
			files = (
				3E77769F24576EF200345F80 /* ViewController.swift in Sources */,
				3E7776D1245782ED00345F80 /* Game.swift in Sources */,
				3E77769B24576EF200345F80 /* AppDelegate.swift in Sources */,
				3E7776CD245771B600345F80 /* Brain.swift in Sources */,
				3E7776D724590FAF00345F80 /* Move.swift in Sources */,
				3E77769D24576EF200345F80 /* SceneDelegate.swift in Sources */,
			);
			runOnlyForDeploymentPostprocessing = 0;
		};
		3E7776A924576EF700345F80 /* Sources */ = {
			isa = PBXSourcesBuildPhase;
			buildActionMask = 2147483647;
			files = (
				3E7776D32458BA9C00345F80 /* ViewControllerTests.swift in Sources */,
				3E7776CB24576FD400345F80 /* BrainTests.swift in Sources */,
				3E7776CF2457828D00345F80 /* GameTests.swift in Sources */,
			);
			runOnlyForDeploymentPostprocessing = 0;
		};
		3E7776B424576EF700345F80 /* Sources */ = {
			isa = PBXSourcesBuildPhase;
			buildActionMask = 2147483647;
			files = (
				3E7776D52458F52600345F80 /* ViewControllerUITests.swift in Sources */,
			);
			runOnlyForDeploymentPostprocessing = 0;
		};
/* End PBXSourcesBuildPhase section */

/* Begin PBXTargetDependency section */
		3E7776AF24576EF700345F80 /* PBXTargetDependency */ = {
			isa = PBXTargetDependency;
			target = 3E77769624576EF200345F80 /* FizzBuzz */;
			targetProxy = 3E7776AE24576EF700345F80 /* PBXContainerItemProxy */;
		};
		3E7776BA24576EF700345F80 /* PBXTargetDependency */ = {
			isa = PBXTargetDependency;
			target = 3E77769624576EF200345F80 /* FizzBuzz */;
			targetProxy = 3E7776B924576EF700345F80 /* PBXContainerItemProxy */;
		};
/* End PBXTargetDependency section */

/* Begin PBXVariantGroup section */
		3E7776A024576EF200345F80 /* Main.storyboard */ = {
			isa = PBXVariantGroup;
			children = (
				3E7776A124576EF200345F80 /* Base */,
			);
			name = Main.storyboard;
			sourceTree = "<group>";
		};
		3E7776A524576EF600345F80 /* LaunchScreen.storyboard */ = {
			isa = PBXVariantGroup;
			children = (
				3E7776A624576EF600345F80 /* Base */,
			);
			name = LaunchScreen.storyboard;
			sourceTree = "<group>";
		};
/* End PBXVariantGroup section */

/* Begin XCBuildConfiguration section */
		3E7776BF24576EF700345F80 /* Debug */ = {
			isa = XCBuildConfiguration;
			buildSettings = {
				ALWAYS_SEARCH_USER_PATHS = NO;
				CLANG_ANALYZER_NONNULL = YES;
				CLANG_ANALYZER_NUMBER_OBJECT_CONVERSION = YES_AGGRESSIVE;
				CLANG_CXX_LANGUAGE_STANDARD = "gnu++14";
				CLANG_CXX_LIBRARY = "libc++";
				CLANG_ENABLE_MODULES = YES;
				CLANG_ENABLE_OBJC_ARC = YES;
				CLANG_ENABLE_OBJC_WEAK = YES;
				CLANG_WARN_BLOCK_CAPTURE_AUTORELEASING = YES;
				CLANG_WARN_BOOL_CONVERSION = YES;
				CLANG_WARN_COMMA = YES;
				CLANG_WARN_CONSTANT_CONVERSION = YES;
				CLANG_WARN_DEPRECATED_OBJC_IMPLEMENTATIONS = YES;
				CLANG_WARN_DIRECT_OBJC_ISA_USAGE = YES_ERROR;
				CLANG_WARN_DOCUMENTATION_COMMENTS = YES;
				CLANG_WARN_EMPTY_BODY = YES;
				CLANG_WARN_ENUM_CONVERSION = YES;
				CLANG_WARN_INFINITE_RECURSION = YES;
				CLANG_WARN_INT_CONVERSION = YES;
				CLANG_WARN_NON_LITERAL_NULL_CONVERSION = YES;
				CLANG_WARN_OBJC_IMPLICIT_RETAIN_SELF = YES;
				CLANG_WARN_OBJC_LITERAL_CONVERSION = YES;
				CLANG_WARN_OBJC_ROOT_CLASS = YES_ERROR;
				CLANG_WARN_RANGE_LOOP_ANALYSIS = YES;
				CLANG_WARN_STRICT_PROTOTYPES = YES;
				CLANG_WARN_SUSPICIOUS_MOVE = YES;
				CLANG_WARN_UNGUARDED_AVAILABILITY = YES_AGGRESSIVE;
				CLANG_WARN_UNREACHABLE_CODE = YES;
				CLANG_WARN__DUPLICATE_METHOD_MATCH = YES;
				COPY_PHASE_STRIP = NO;
				DEBUG_INFORMATION_FORMAT = dwarf;
				ENABLE_STRICT_OBJC_MSGSEND = YES;
				ENABLE_TESTABILITY = YES;
				GCC_C_LANGUAGE_STANDARD = gnu11;
				GCC_DYNAMIC_NO_PIC = NO;
				GCC_NO_COMMON_BLOCKS = YES;
				GCC_OPTIMIZATION_LEVEL = 0;
				GCC_PREPROCESSOR_DEFINITIONS = (
					"DEBUG=1",
					"$(inherited)",
				);
				GCC_WARN_64_TO_32_BIT_CONVERSION = YES;
				GCC_WARN_ABOUT_RETURN_TYPE = YES_ERROR;
				GCC_WARN_UNDECLARED_SELECTOR = YES;
				GCC_WARN_UNINITIALIZED_AUTOS = YES_AGGRESSIVE;
				GCC_WARN_UNUSED_FUNCTION = YES;
				GCC_WARN_UNUSED_VARIABLE = YES;
				IPHONEOS_DEPLOYMENT_TARGET = 13.4;
				MTL_ENABLE_DEBUG_INFO = INCLUDE_SOURCE;
				MTL_FAST_MATH = YES;
				ONLY_ACTIVE_ARCH = YES;
				SDKROOT = iphoneos;
				SWIFT_ACTIVE_COMPILATION_CONDITIONS = DEBUG;
				SWIFT_OPTIMIZATION_LEVEL = "-Onone";
			};
			name = Debug;
		};
		3E7776C024576EF700345F80 /* Release */ = {
			isa = XCBuildConfiguration;
			buildSettings = {
				ALWAYS_SEARCH_USER_PATHS = NO;
				CLANG_ANALYZER_NONNULL = YES;
				CLANG_ANALYZER_NUMBER_OBJECT_CONVERSION = YES_AGGRESSIVE;
				CLANG_CXX_LANGUAGE_STANDARD = "gnu++14";
				CLANG_CXX_LIBRARY = "libc++";
				CLANG_ENABLE_MODULES = YES;
				CLANG_ENABLE_OBJC_ARC = YES;
				CLANG_ENABLE_OBJC_WEAK = YES;
				CLANG_WARN_BLOCK_CAPTURE_AUTORELEASING = YES;
				CLANG_WARN_BOOL_CONVERSION = YES;
				CLANG_WARN_COMMA = YES;
				CLANG_WARN_CONSTANT_CONVERSION = YES;
				CLANG_WARN_DEPRECATED_OBJC_IMPLEMENTATIONS = YES;
				CLANG_WARN_DIRECT_OBJC_ISA_USAGE = YES_ERROR;
				CLANG_WARN_DOCUMENTATION_COMMENTS = YES;
				CLANG_WARN_EMPTY_BODY = YES;
				CLANG_WARN_ENUM_CONVERSION = YES;
				CLANG_WARN_INFINITE_RECURSION = YES;
				CLANG_WARN_INT_CONVERSION = YES;
				CLANG_WARN_NON_LITERAL_NULL_CONVERSION = YES;
				CLANG_WARN_OBJC_IMPLICIT_RETAIN_SELF = YES;
				CLANG_WARN_OBJC_LITERAL_CONVERSION = YES;
				CLANG_WARN_OBJC_ROOT_CLASS = YES_ERROR;
				CLANG_WARN_RANGE_LOOP_ANALYSIS = YES;
				CLANG_WARN_STRICT_PROTOTYPES = YES;
				CLANG_WARN_SUSPICIOUS_MOVE = YES;
				CLANG_WARN_UNGUARDED_AVAILABILITY = YES_AGGRESSIVE;
				CLANG_WARN_UNREACHABLE_CODE = YES;
				CLANG_WARN__DUPLICATE_METHOD_MATCH = YES;
				COPY_PHASE_STRIP = NO;
				DEBUG_INFORMATION_FORMAT = "dwarf-with-dsym";
				ENABLE_NS_ASSERTIONS = NO;
				ENABLE_STRICT_OBJC_MSGSEND = YES;
				GCC_C_LANGUAGE_STANDARD = gnu11;
				GCC_NO_COMMON_BLOCKS = YES;
				GCC_WARN_64_TO_32_BIT_CONVERSION = YES;
				GCC_WARN_ABOUT_RETURN_TYPE = YES_ERROR;
				GCC_WARN_UNDECLARED_SELECTOR = YES;
				GCC_WARN_UNINITIALIZED_AUTOS = YES_AGGRESSIVE;
				GCC_WARN_UNUSED_FUNCTION = YES;
				GCC_WARN_UNUSED_VARIABLE = YES;
				IPHONEOS_DEPLOYMENT_TARGET = 13.4;
				MTL_ENABLE_DEBUG_INFO = NO;
				MTL_FAST_MATH = YES;
				SDKROOT = iphoneos;
				SWIFT_COMPILATION_MODE = wholemodule;
				SWIFT_OPTIMIZATION_LEVEL = "-O";
				VALIDATE_PRODUCT = YES;
			};
			name = Release;
		};
		3E7776C224576EF700345F80 /* Debug */ = {
			isa = XCBuildConfiguration;
			buildSettings = {
				ASSETCATALOG_COMPILER_APPICON_NAME = AppIcon;
				CODE_SIGN_STYLE = Automatic;
				DEVELOPMENT_TEAM = 6UA5RNM528;
				INFOPLIST_FILE = FizzBuzz/Info.plist;
				LD_RUNPATH_SEARCH_PATHS = (
					"$(inherited)",
					"@executable_path/Frameworks",
				);
				PRODUCT_BUNDLE_IDENTIFIER = org.pursuit.FizzBuzz;
				PRODUCT_NAME = "$(TARGET_NAME)";
				SWIFT_VERSION = 5.0;
				TARGETED_DEVICE_FAMILY = "1,2";
			};
			name = Debug;
		};
		3E7776C324576EF700345F80 /* Release */ = {
			isa = XCBuildConfiguration;
			buildSettings = {
				ASSETCATALOG_COMPILER_APPICON_NAME = AppIcon;
				CODE_SIGN_STYLE = Automatic;
				DEVELOPMENT_TEAM = 6UA5RNM528;
				INFOPLIST_FILE = FizzBuzz/Info.plist;
				LD_RUNPATH_SEARCH_PATHS = (
					"$(inherited)",
					"@executable_path/Frameworks",
				);
				PRODUCT_BUNDLE_IDENTIFIER = org.pursuit.FizzBuzz;
				PRODUCT_NAME = "$(TARGET_NAME)";
				SWIFT_VERSION = 5.0;
				TARGETED_DEVICE_FAMILY = "1,2";
			};
			name = Release;
		};
		3E7776C524576EF700345F80 /* Debug */ = {
			isa = XCBuildConfiguration;
			buildSettings = {
				ALWAYS_EMBED_SWIFT_STANDARD_LIBRARIES = YES;
				BUNDLE_LOADER = "$(TEST_HOST)";
				CLANG_ENABLE_MODULES = YES;
				CODE_SIGN_STYLE = Automatic;
				DEVELOPMENT_TEAM = 6UA5RNM528;
				INFOPLIST_FILE = FizzBuzzTests/Info.plist;
				IPHONEOS_DEPLOYMENT_TARGET = 13.4;
				LD_RUNPATH_SEARCH_PATHS = (
					"$(inherited)",
					"@executable_path/Frameworks",
					"@loader_path/Frameworks",
				);
				PRODUCT_BUNDLE_IDENTIFIER = org.pursuit.FizzBuzzTests;
				PRODUCT_NAME = "$(TARGET_NAME)";
				SWIFT_OPTIMIZATION_LEVEL = "-Onone";
				SWIFT_VERSION = 5.0;
				TARGETED_DEVICE_FAMILY = "1,2";
				TEST_HOST = "$(BUILT_PRODUCTS_DIR)/FizzBuzz.app/FizzBuzz";
			};
			name = Debug;
		};
		3E7776C624576EF700345F80 /* Release */ = {
			isa = XCBuildConfiguration;
			buildSettings = {
				ALWAYS_EMBED_SWIFT_STANDARD_LIBRARIES = YES;
				BUNDLE_LOADER = "$(TEST_HOST)";
				CLANG_ENABLE_MODULES = YES;
				CODE_SIGN_STYLE = Automatic;
				DEVELOPMENT_TEAM = 6UA5RNM528;
				INFOPLIST_FILE = FizzBuzzTests/Info.plist;
				IPHONEOS_DEPLOYMENT_TARGET = 13.4;
				LD_RUNPATH_SEARCH_PATHS = (
					"$(inherited)",
					"@executable_path/Frameworks",
					"@loader_path/Frameworks",
				);
				PRODUCT_BUNDLE_IDENTIFIER = org.pursuit.FizzBuzzTests;
				PRODUCT_NAME = "$(TARGET_NAME)";
				SWIFT_VERSION = 5.0;
				TARGETED_DEVICE_FAMILY = "1,2";
				TEST_HOST = "$(BUILT_PRODUCTS_DIR)/FizzBuzz.app/FizzBuzz";
			};
			name = Release;
		};
		3E7776C824576EF700345F80 /* Debug */ = {
			isa = XCBuildConfiguration;
			buildSettings = {
				ALWAYS_EMBED_SWIFT_STANDARD_LIBRARIES = YES;
				CLANG_ENABLE_MODULES = YES;
				CODE_SIGN_STYLE = Automatic;
				DEVELOPMENT_TEAM = 6UA5RNM528;
				INFOPLIST_FILE = FizzBuzzUITests/Info.plist;
				LD_RUNPATH_SEARCH_PATHS = (
					"$(inherited)",
					"@executable_path/Frameworks",
					"@loader_path/Frameworks",
				);
				PRODUCT_BUNDLE_IDENTIFIER = org.pursuit.FizzBuzzUITests;
				PRODUCT_NAME = "$(TARGET_NAME)";
				SWIFT_OPTIMIZATION_LEVEL = "-Onone";
				SWIFT_VERSION = 5.0;
				TARGETED_DEVICE_FAMILY = "1,2";
				TEST_TARGET_NAME = FizzBuzz;
			};
			name = Debug;
		};
		3E7776C924576EF700345F80 /* Release */ = {
			isa = XCBuildConfiguration;
			buildSettings = {
				ALWAYS_EMBED_SWIFT_STANDARD_LIBRARIES = YES;
				CLANG_ENABLE_MODULES = YES;
				CODE_SIGN_STYLE = Automatic;
				DEVELOPMENT_TEAM = 6UA5RNM528;
				INFOPLIST_FILE = FizzBuzzUITests/Info.plist;
				LD_RUNPATH_SEARCH_PATHS = (
					"$(inherited)",
					"@executable_path/Frameworks",
					"@loader_path/Frameworks",
				);
				PRODUCT_BUNDLE_IDENTIFIER = org.pursuit.FizzBuzzUITests;
				PRODUCT_NAME = "$(TARGET_NAME)";
				SWIFT_VERSION = 5.0;
				TARGETED_DEVICE_FAMILY = "1,2";
				TEST_TARGET_NAME = FizzBuzz;
			};
			name = Release;
		};
/* End XCBuildConfiguration section */

/* Begin XCConfigurationList section */
		3E77769224576EF200345F80 /* Build configuration list for PBXProject "FizzBuzz" */ = {
			isa = XCConfigurationList;
			buildConfigurations = (
				3E7776BF24576EF700345F80 /* Debug */,
				3E7776C024576EF700345F80 /* Release */,
			);
			defaultConfigurationIsVisible = 0;
			defaultConfigurationName = Release;
		};
		3E7776C124576EF700345F80 /* Build configuration list for PBXNativeTarget "FizzBuzz" */ = {
			isa = XCConfigurationList;
			buildConfigurations = (
				3E7776C224576EF700345F80 /* Debug */,
				3E7776C324576EF700345F80 /* Release */,
			);
			defaultConfigurationIsVisible = 0;
			defaultConfigurationName = Release;
		};
		3E7776C424576EF700345F80 /* Build configuration list for PBXNativeTarget "FizzBuzzTests" */ = {
			isa = XCConfigurationList;
			buildConfigurations = (
				3E7776C524576EF700345F80 /* Debug */,
				3E7776C624576EF700345F80 /* Release */,
			);
			defaultConfigurationIsVisible = 0;
			defaultConfigurationName = Release;
		};
		3E7776C724576EF700345F80 /* Build configuration list for PBXNativeTarget "FizzBuzzUITests" */ = {
			isa = XCConfigurationList;
			buildConfigurations = (
				3E7776C824576EF700345F80 /* Debug */,
				3E7776C924576EF700345F80 /* Release */,
			);
			defaultConfigurationIsVisible = 0;
			defaultConfigurationName = Release;
		};
/* End XCConfigurationList section */
	};
	rootObject = 3E77768F24576EF200345F80 /* Project object */;
}
